
Microsoft Visual Studio Solution File, Format Version 12.00
# Visual Studio Version 17
VisualStudioVersion = 17.5.33414.496
MinimumVisualStudioVersion = 10.0.40219.1
Project("{FAE04EC0-301F-11D3-BF4B-00C04F79EFBC}") = "Dyno.Platform.ClientApi", "Dyno.Platform.ClientApi.csproj", "{27FF0CEA-8198-46D6-8E75-0A35D34C7407}"
EndProject
Global
	GlobalSection(SolutionConfigurationPlatforms) = preSolution
		Debug|Any CPU = Debug|Any CPU
		Release|Any CPU = Release|Any CPU
	EndGlobalSection
	GlobalSection(ProjectConfigurationPlatforms) = postSolution
		{27FF0CEA-8198-46D6-8E75-0A35D34C7407}.Debug|Any CPU.ActiveCfg = Debug|Any CPU
		{27FF0CEA-8198-46D6-8E75-0A35D34C7407}.Debug|Any CPU.Build.0 = Debug|Any CPU
		{27FF0CEA-8198-46D6-8E75-0A35D34C7407}.Release|Any CPU.ActiveCfg = Release|Any CPU
		{27FF0CEA-8198-46D6-8E75-0A35D34C7407}.Release|Any CPU.Build.0 = Release|Any CPU
	EndGlobalSection
	GlobalSection(SolutionProperties) = preSolution
		HideSolutionNode = FALSE
	EndGlobalSection
	GlobalSection(ExtensibilityGlobals) = postSolution
		SolutionGuid = {D6402F8B-021C-47DE-A7C0-8BAD03603D5C}
	EndGlobalSection
EndGlobal
