
Microsoft Visual Studio Solution File, Format Version 12.00
# Visual Studio Version 17
VisualStudioVersion = 17.5.33414.496
MinimumVisualStudioVersion = 10.0.40219.1
Project("{FAE04EC0-301F-11D3-BF4B-00C04F79EFBC}") = "Platform.Shared", "Platform.Shared.csproj", "{5B5F202B-27DA-446A-A7D9-F9483D9D473B}"
EndProject
Global
	GlobalSection(SolutionConfigurationPlatforms) = preSolution
		Debug|Any CPU = Debug|Any CPU
		Release|Any CPU = Release|Any CPU
	EndGlobalSection
	GlobalSection(ProjectConfigurationPlatforms) = postSolution
		{5B5F202B-27DA-446A-A7D9-F9483D9D473B}.Debug|Any CPU.ActiveCfg = Debug|Any CPU
		{5B5F202B-27DA-446A-A7D9-F9483D9D473B}.Debug|Any CPU.Build.0 = Debug|Any CPU
		{5B5F202B-27DA-446A-A7D9-F9483D9D473B}.Release|Any CPU.ActiveCfg = Release|Any CPU
		{5B5F202B-27DA-446A-A7D9-F9483D9D473B}.Release|Any CPU.Build.0 = Release|Any CPU
	EndGlobalSection
	GlobalSection(SolutionProperties) = preSolution
		HideSolutionNode = FALSE
	EndGlobalSection
	GlobalSection(ExtensibilityGlobals) = postSolution
		SolutionGuid = {CC6CF670-2028-4299-A037-A51F4B11EBAD}
	EndGlobalSection
EndGlobal
